
Microsoft Visual Studio Solution File, Format Version 12.00
# Visual Studio Version 17
VisualStudioVersion = 17.14.36623.8 d17.14
MinimumVisualStudioVersion = 10.0.40219.1
Project("{FAE04EC0-301F-11D3-BF4B-00C04F79EFBC}") = "QuizApp", "QuizApp\QuizApp.csproj", "{56158F68-5944-44D1-B8B9-6BDDCA25650A}"
EndProject
Global
	GlobalSection(SolutionConfigurationPlatforms) = preSolution
		Debug|Any CPU = Debug|Any CPU
		Release|Any CPU = Release|Any CPU
	EndGlobalSection
	GlobalSection(ProjectConfigurationPlatforms) = postSolution
		{56158F68-5944-44D1-B8B9-6BDDCA25650A}.Debug|Any CPU.ActiveCfg = Debug|Any CPU
		{56158F68-5944-44D1-B8B9-6BDDCA25650A}.Debug|Any CPU.Build.0 = Debug|Any CPU
		{56158F68-5944-44D1-B8B9-6BDDCA25650A}.Release|Any CPU.ActiveCfg = Release|Any CPU
		{56158F68-5944-44D1-B8B9-6BDDCA25650A}.Release|Any CPU.Build.0 = Release|Any CPU
	EndGlobalSection
	GlobalSection(SolutionProperties) = preSolution
		HideSolutionNode = FALSE
	EndGlobalSection
	GlobalSection(ExtensibilityGlobals) = postSolution
		SolutionGuid = {7162E031-42AC-45F5-BBCD-538C234FC344}
	EndGlobalSection
EndGlobal
